
Microsoft Visual Studio Solution File, Format Version 12.00
# Visual Studio Version 17
VisualStudioVersion = 17.14.36202.13 d17.14
MinimumVisualStudioVersion = 10.0.40219.1
Project("{FAE04EC0-301F-11D3-BF4B-00C04F79EFBC}") = "RsaEncryptionService", "RsaEncryptionService\RsaEncryptionService.csproj", "{C6641090-AAB3-4FCE-9FC7-2823A324248A}"
EndProject
Project("{FAE04EC0-301F-11D3-BF4B-00C04F79EFBC}") = "RsaEncryptionServiceUnitTests", "RsaEncryptionServiceUnitTests\RsaEncryptionServiceUnitTests.csproj", "{266BCB51-7D3E-4683-A37A-41816C1B4E6E}"
EndProject
Global
	GlobalSection(SolutionConfigurationPlatforms) = preSolution
		Debug|Any CPU = Debug|Any CPU
		Release|Any CPU = Release|Any CPU
	EndGlobalSection
	GlobalSection(ProjectConfigurationPlatforms) = postSolution
		{C6641090-AAB3-4FCE-9FC7-2823A324248A}.Debug|Any CPU.ActiveCfg = Debug|Any CPU
		{C6641090-AAB3-4FCE-9FC7-2823A324248A}.Debug|Any CPU.Build.0 = Debug|Any CPU
		{C6641090-AAB3-4FCE-9FC7-2823A324248A}.Release|Any CPU.ActiveCfg = Release|Any CPU
		{C6641090-AAB3-4FCE-9FC7-2823A324248A}.Release|Any CPU.Build.0 = Release|Any CPU
		{266BCB51-7D3E-4683-A37A-41816C1B4E6E}.Debug|Any CPU.ActiveCfg = Debug|Any CPU
		{266BCB51-7D3E-4683-A37A-41816C1B4E6E}.Debug|Any CPU.Build.0 = Debug|Any CPU
		{266BCB51-7D3E-4683-A37A-41816C1B4E6E}.Release|Any CPU.ActiveCfg = Release|Any CPU
		{266BCB51-7D3E-4683-A37A-41816C1B4E6E}.Release|Any CPU.Build.0 = Release|Any CPU
	EndGlobalSection
	GlobalSection(SolutionProperties) = preSolution
		HideSolutionNode = FALSE
	EndGlobalSection
	GlobalSection(ExtensibilityGlobals) = postSolution
		SolutionGuid = {1577F225-EF2C-4285-9672-8E9B4FCD0BB6}
	EndGlobalSection
EndGlobal
